
Microsoft Visual Studio Solution File, Format Version 12.00
# Visual Studio 2012
Project("{FAE04EC0-301F-11D3-BF4B-00C04F79EFBC}") = "Restauracja", "Restauracja\Restauracja.csproj", "{FECBAC4C-F70C-47B4-8278-2D39945BF4E3}"
EndProject
Global
	GlobalSection(SolutionConfigurationPlatforms) = preSolution
		Debug|x86 = Debug|x86
		Release|x86 = Release|x86
	EndGlobalSection
	GlobalSection(ProjectConfigurationPlatforms) = postSolution
		{FECBAC4C-F70C-47B4-8278-2D39945BF4E3}.Debug|x86.ActiveCfg = Debug|x86
		{FECBAC4C-F70C-47B4-8278-2D39945BF4E3}.Debug|x86.Build.0 = Debug|x86
		{FECBAC4C-F70C-47B4-8278-2D39945BF4E3}.Release|x86.ActiveCfg = Release|x86
		{FECBAC4C-F70C-47B4-8278-2D39945BF4E3}.Release|x86.Build.0 = Release|x86
	EndGlobalSection
EndGlobal
